github.com/apprehensions/rbxweb v0.0.0-20240308083857-a3d7205c6de9 h1:eOEtS+YksEplRdlZSKYSzDHfpDWA7UKFVlbdTHUxzFo=
github.com/apprehensions/rbxweb v0.0.0-20240308083857-a3d7205c6de9/go.mod h1:F7WKRLrQxuRgfXxhwnlFJ059ZBMRxkXxvIhUxP4Qc5g=
github.com/vinegarhq/vinegar v1.7.4 h1:rGmGi6i6Hh0Ejo9zMVpd9x0dQ/17aQN7vYxV5I3KaTk=
github.com/vinegarhq/vinegar v1.7.4/go.mod h1:5uPJjY3EzDHzNz6d4zAm139uGcSO8EOqdo6g4ItpKqM=
